
Microsoft Visual Studio Solution File, Format Version 12.00
# Visual Studio Version 17
VisualStudioVersion = 17.4.33103.184
MinimumVisualStudioVersion = 10.0.40219.1
Project("{FAE04EC0-301F-11D3-BF4B-00C04F79EFBC}") = "PartialViewComponents", "PartialViewComponents\PartialViewComponents.csproj", "{94B6175E-DCC6-4EE6-9263-349AE4760D1D}"
EndProject
Global
	GlobalSection(SolutionConfigurationPlatforms) = preSolution
		Debug|Any CPU = Debug|Any CPU
		Release|Any CPU = Release|Any CPU
	EndGlobalSection
	GlobalSection(ProjectConfigurationPlatforms) = postSolution
		{94B6175E-DCC6-4EE6-9263-349AE4760D1D}.Debug|Any CPU.ActiveCfg = Debug|Any CPU
		{94B6175E-DCC6-4EE6-9263-349AE4760D1D}.Debug|Any CPU.Build.0 = Debug|Any CPU
		{94B6175E-DCC6-4EE6-9263-349AE4760D1D}.Release|Any CPU.ActiveCfg = Release|Any CPU
		{94B6175E-DCC6-4EE6-9263-349AE4760D1D}.Release|Any CPU.Build.0 = Release|Any CPU
	EndGlobalSection
	GlobalSection(SolutionProperties) = preSolution
		HideSolutionNode = FALSE
	EndGlobalSection
	GlobalSection(ExtensibilityGlobals) = postSolution
		SolutionGuid = {DBBFC2EB-B773-4BCC-9141-751731C176A9}
	EndGlobalSection
EndGlobal
